
Microsoft Visual Studio Solution File, Format Version 12.00
# Visual Studio Version 18
VisualStudioVersion = 18.2.11415.280
MinimumVisualStudioVersion = 10.0.40219.1
Project("{9A19103F-16F7-4668-BE54-9A1E7A4F7556}") = "TheGame", "TheGame.csproj", "{C5A5240F-D62B-4919-94E4-B1A9DEC3C8BE}"
EndProject
Project("{FAE04EC0-301F-11D3-BF4B-00C04F79EFBC}") = "Updater", "Updater\Updater.csproj", "{C33B9686-FE91-48D2-BD80-DC52918D9178}"
EndProject
Global
	GlobalSection(SolutionConfigurationPlatforms) = preSolution
		Debug|Any CPU = Debug|Any CPU
		Debug|x64 = Debug|x64
		Release|Any CPU = Release|Any CPU
		Release|x64 = Release|x64
	EndGlobalSection
	GlobalSection(ProjectConfigurationPlatforms) = postSolution
		{C5A5240F-D62B-4919-94E4-B1A9DEC3C8BE}.Debug|Any CPU.ActiveCfg = Debug|Any CPU
		{C5A5240F-D62B-4919-94E4-B1A9DEC3C8BE}.Debug|Any CPU.Build.0 = Debug|Any CPU
		{C5A5240F-D62B-4919-94E4-B1A9DEC3C8BE}.Debug|x64.ActiveCfg = Debug|x64
		{C5A5240F-D62B-4919-94E4-B1A9DEC3C8BE}.Debug|x64.Build.0 = Debug|x64
		{C5A5240F-D62B-4919-94E4-B1A9DEC3C8BE}.Release|Any CPU.ActiveCfg = Release|Any CPU
		{C5A5240F-D62B-4919-94E4-B1A9DEC3C8BE}.Release|Any CPU.Build.0 = Release|Any CPU
		{C5A5240F-D62B-4919-94E4-B1A9DEC3C8BE}.Release|x64.ActiveCfg = Release|x64
		{C5A5240F-D62B-4919-94E4-B1A9DEC3C8BE}.Release|x64.Build.0 = Release|x64
		{C33B9686-FE91-48D2-BD80-DC52918D9178}.Debug|Any CPU.ActiveCfg = Debug|Any CPU
		{C33B9686-FE91-48D2-BD80-DC52918D9178}.Debug|Any CPU.Build.0 = Debug|Any CPU
		{C33B9686-FE91-48D2-BD80-DC52918D9178}.Debug|x64.ActiveCfg = Debug|Any CPU
		{C33B9686-FE91-48D2-BD80-DC52918D9178}.Debug|x64.Build.0 = Debug|Any CPU
		{C33B9686-FE91-48D2-BD80-DC52918D9178}.Release|Any CPU.ActiveCfg = Release|Any CPU
		{C33B9686-FE91-48D2-BD80-DC52918D9178}.Release|Any CPU.Build.0 = Release|Any CPU
		{C33B9686-FE91-48D2-BD80-DC52918D9178}.Release|x64.ActiveCfg = Release|Any CPU
		{C33B9686-FE91-48D2-BD80-DC52918D9178}.Release|x64.Build.0 = Release|Any CPU
	EndGlobalSection
	GlobalSection(SolutionProperties) = preSolution
		HideSolutionNode = FALSE
	EndGlobalSection
	GlobalSection(ExtensibilityGlobals) = postSolution
		SolutionGuid = {C68C6408-E960-4DA3-B890-2FB419EE0B31}
	EndGlobalSection
EndGlobal
